// !$*UTF8*$!
{
	archiveVersion = 1;
	classes = {
	};
	objectVersion = 46;
	objects = {

/* Begin PBXBuildFile section */
		D3C06CFA18ECD0A900EFEC99 /* Foundation.framework in Frameworks */ = {isa = PBXBuildFile; fileRef = D3C06CF918ECD0A900EFEC99 /* Foundation.framework */; };
		D3C06CFC18ECD0A900EFEC99 /* CoreGraphics.framework in Frameworks */ = {isa = PBXBuildFile; fileRef = D3C06CFB18ECD0A900EFEC99 /* CoreGraphics.framework */; };
		D3C06CFE18ECD0A900EFEC99 /* UIKit.framework in Frameworks */ = {isa = PBXBuildFile; fileRef = D3C06CFD18ECD0A900EFEC99 /* UIKit.framework */; };
		D3C06D0418ECD0A900EFEC99 /* InfoPlist.strings in Resources */ = {isa = PBXBuildFile; fileRef = D3C06D0218ECD0A900EFEC99 /* InfoPlist.strings */; };
		D3C06D0618ECD0A900EFEC99 /* main.m in Sources */ = {isa = PBXBuildFile; fileRef = D3C06D0518ECD0A900EFEC99 /* main.m */; };
		D3C06D0A18ECD0A900EFEC99 /* SpriteAppDelegate.m in Sources */ = {isa = PBXBuildFile; fileRef = D3C06D0918ECD0A900EFEC99 /* SpriteAppDelegate.m */; };
		D3C06D0D18ECD0A900EFEC99 /* Main.storyboard in Resources */ = {isa = PBXBuildFile; fileRef = D3C06D0B18ECD0A900EFEC99 /* Main.storyboard */; };
		D3C06D1018ECD0A900EFEC99 /* SpriteViewController.m in Sources */ = {isa = PBXBuildFile; fileRef = D3C06D0F18ECD0A900EFEC99 /* SpriteViewController.m */; };
		D3C06D1218ECD0A900EFEC99 /* Images.xcassets in Resources */ = {isa = PBXBuildFile; fileRef = D3C06D1118ECD0A900EFEC99 /* Images.xcassets */; };
		D3C06D1918ECD0A900EFEC99 /* XCTest.framework in Frameworks */ = {isa = PBXBuildFile; fileRef = D3C06D1818ECD0A900EFEC99 /* XCTest.framework */; };
		D3C06D1A18ECD0A900EFEC99 /* Foundation.framework in Frameworks */ = {isa = PBXBuildFile; fileRef = D3C06CF918ECD0A900EFEC99 /* Foundation.framework */; };
		D3C06D1B18ECD0A900EFEC99 /* UIKit.framework in Frameworks */ = {isa = PBXBuildFile; fileRef = D3C06CFD18ECD0A900EFEC99 /* UIKit.framework */; };
		D3C06D2318ECD0A900EFEC99 /* InfoPlist.strings in Resources */ = {isa = PBXBuildFile; fileRef = D3C06D2118ECD0A900EFEC99 /* InfoPlist.strings */; };
		D3C06D2518ECD0A900EFEC99 /* SpriteWalkthroughTests.m in Sources */ = {isa = PBXBuildFile; fileRef = D3C06D2418ECD0A900EFEC99 /* SpriteWalkthroughTests.m */; };
/* End PBXBuildFile section */

/* Begin PBXContainerItemProxy section */
		D3C06D1C18ECD0A900EFEC99 /* PBXContainerItemProxy */ = {
			isa = PBXContainerItemProxy;
			containerPortal = D3C06CEE18ECD0A900EFEC99 /* Project object */;
			proxyType = 1;
			remoteGlobalIDString = D3C06CF518ECD0A900EFEC99;
			remoteInfo = SpriteWalkthrough;
		};
/* End PBXContainerItemProxy section */

/* Begin PBXFileReference section */
		D3C06CF618ECD0A900EFEC99 /* SpriteWalkthrough.app */ = {isa = PBXFileReference; explicitFileType = wrapper.application; includeInIndex = 0; path = SpriteWalkthrough.app; sourceTree = BUILT_PRODUCTS_DIR; };
		D3C06CF918ECD0A900EFEC99 /* Foundation.framework */ = {isa = PBXFileReference; lastKnownFileType = wrapper.framework; name = Foundation.framework; path = System/Library/Frameworks/Foundation.framework; sourceTree = SDKROOT; };
		D3C06CFB18ECD0A900EFEC99 /* CoreGraphics.framework */ = {isa = PBXFileReference; lastKnownFileType = wrapper.framework; name = CoreGraphics.framework; path = System/Library/Frameworks/CoreGraphics.framework; sourceTree = SDKROOT; };
		D3C06CFD18ECD0A900EFEC99 /* UIKit.framework */ = {isa = PBXFileReference; lastKnownFileType = wrapper.framework; name = UIKit.framework; path = System/Library/Frameworks/UIKit.framework; sourceTree = SDKROOT; };
		D3C06D0118ECD0A900EFEC99 /* SpriteWalkthrough-Info.plist */ = {isa = PBXFileReference; lastKnownFileType = text.plist.xml; path = "SpriteWalkthrough-Info.plist"; sourceTree = "<group>"; };
		D3C06D0318ECD0A900EFEC99 /* en */ = {isa = PBXFileReference; lastKnownFileType = text.plist.strings; name = en; path = en.lproj/InfoPlist.strings; sourceTree = "<group>"; };
		D3C06D0518ECD0A900EFEC99 /* main.m */ = {isa = PBXFileReference; lastKnownFileType = sourcecode.c.objc; path = main.m; sourceTree = "<group>"; };
		D3C06D0718ECD0A900EFEC99 /* SpriteWalkthrough-Prefix.pch */ = {isa = PBXFileReference; lastKnownFileType = sourcecode.c.h; path = "SpriteWalkthrough-Prefix.pch"; sourceTree = "<group>"; };
		D3C06D0818ECD0A900EFEC99 /* SpriteAppDelegate.h */ = {isa = PBXFileReference; lastKnownFileType = sourcecode.c.h; path = SpriteAppDelegate.h; sourceTree = "<group>"; };
		D3C06D0918ECD0A900EFEC99 /* SpriteAppDelegate.m */ = {isa = PBXFileReference; lastKnownFileType = sourcecode.c.objc; path = SpriteAppDelegate.m; sourceTree = "<group>"; };
		D3C06D0C18ECD0A900EFEC99 /* Base */ = {isa = PBXFileReference; lastKnownFileType = file.storyboard; name = Base; path = Base.lproj/Main.storyboard; sourceTree = "<group>"; };
		D3C06D0E18ECD0A900EFEC99 /* SpriteViewController.h */ = {isa = PBXFileReference; lastKnownFileType = sourcecode.c.h; path = SpriteViewController.h; sourceTree = "<group>"; };
		D3C06D0F18ECD0A900EFEC99 /* SpriteViewController.m */ = {isa = PBXFileReference; lastKnownFileType = sourcecode.c.objc; path = SpriteViewController.m; sourceTree = "<group>"; };
		D3C06D1118ECD0A900EFEC99 /* Images.xcassets */ = {isa = PBXFileReference; lastKnownFileType = folder.assetcatalog; path = Images.xcassets; sourceTree = "<group>"; };
		D3C06D1718ECD0A900EFEC99 /* SpriteWalkthroughTests.xctest */ = {isa = PBXFileReference; explicitFileType = wrapper.cfbundle; includeInIndex = 0; path = SpriteWalkthroughTests.xctest; sourceTree = BUILT_PRODUCTS_DIR; };
		D3C06D1818ECD0A900EFEC99 /* XCTest.framework */ = {isa = PBXFileReference; lastKnownFileType = wrapper.framework; name = XCTest.framework; path = Library/Frameworks/XCTest.framework; sourceTree = DEVELOPER_DIR; };
		D3C06D2018ECD0A900EFEC99 /* SpriteWalkthroughTests-Info.plist */ = {isa = PBXFileReference; lastKnownFileType = text.plist.xml; path = "SpriteWalkthroughTests-Info.plist"; sourceTree = "<group>"; };
		D3C06D2218ECD0A900EFEC99 /* en */ = {isa = PBXFileReference; lastKnownFileType = text.plist.strings; name = en; path = en.lproj/InfoPlist.strings; sourceTree = "<group>"; };
		D3C06D2418ECD0A900EFEC99 /* SpriteWalkthroughTests.m */ = {isa = PBXFileReference; lastKnownFileType = sourcecode.c.objc; path = SpriteWalkthroughTests.m; sourceTree = "<group>"; };
/* End PBXFileReference section */

/* Begin PBXFrameworksBuildPhase section */
		D3C06CF318ECD0A900EFEC99 /* Frameworks */ = {
			isa = PBXFrameworksBuildPhase;
			buildActionMask = 2147483647;
			files = (
				D3C06CFC18ECD0A900EFEC99 /* CoreGraphics.framework in Frameworks */,
				D3C06CFE18ECD0A900EFEC99 /* UIKit.framework in Frameworks */,
				D3C06CFA18ECD0A900EFEC99 /* Foundation.framework in Frameworks */,
			);
			runOnlyForDeploymentPostprocessing = 0;
		};
		D3C06D1418ECD0A900EFEC99 /* Frameworks */ = {
			isa = PBXFrameworksBuildPhase;
			buildActionMask = 2147483647;
			files = (
				D3C06D1918ECD0A900EFEC99 /* XCTest.framework in Frameworks */,
				D3C06D1B18ECD0A900EFEC99 /* UIKit.framework in Frameworks */,
				D3C06D1A18ECD0A900EFEC99 /* Foundation.framework in Frameworks */,
			);
			runOnlyForDeploymentPostprocessing = 0;
		};
/* End PBXFrameworksBuildPhase section */

/* Begin PBXGroup section */
		D3C06CED18ECD0A900EFEC99 = {
			isa = PBXGroup;
			children = (
				D3C06CFF18ECD0A900EFEC99 /* SpriteWalkthrough */,
				D3C06D1E18ECD0A900EFEC99 /* SpriteWalkthroughTests */,
				D3C06CF818ECD0A900EFEC99 /* Frameworks */,
				D3C06CF718ECD0A900EFEC99 /* Products */,
			);
			sourceTree = "<group>";
		};
		D3C06CF718ECD0A900EFEC99 /* Products */ = {
			isa = PBXGroup;
			children = (
				D3C06CF618ECD0A900EFEC99 /* SpriteWalkthrough.app */,
				D3C06D1718ECD0A900EFEC99 /* SpriteWalkthroughTests.xctest */,
			);
			name = Products;
			sourceTree = "<group>";
		};
		D3C06CF818ECD0A900EFEC99 /* Frameworks */ = {
			isa = PBXGroup;
			children = (
				D3C06CF918ECD0A900EFEC99 /* Foundation.framework */,
				D3C06CFB18ECD0A900EFEC99 /* CoreGraphics.framework */,
				D3C06CFD18ECD0A900EFEC99 /* UIKit.framework */,
				D3C06D1818ECD0A900EFEC99 /* XCTest.framework */,
			);
			name = Frameworks;
			sourceTree = "<group>";
		};
		D3C06CFF18ECD0A900EFEC99 /* SpriteWalkthrough */ = {
			isa = PBXGroup;
			children = (
				D3C06D0818ECD0A900EFEC99 /* SpriteAppDelegate.h */,
				D3C06D0918ECD0A900EFEC99 /* SpriteAppDelegate.m */,
				D3C06D0B18ECD0A900EFEC99 /* Main.storyboard */,
				D3C06D0E18ECD0A900EFEC99 /* SpriteViewController.h */,
				D3C06D0F18ECD0A900EFEC99 /* SpriteViewController.m */,
				D3C06D1118ECD0A900EFEC99 /* Images.xcassets */,
				D3C06D0018ECD0A900EFEC99 /* Supporting Files */,
			);
			path = SpriteWalkthrough;
			sourceTree = "<group>";
		};
		D3C06D0018ECD0A900EFEC99 /* Supporting Files */ = {
			isa = PBXGroup;
			children = (
				D3C06D0118ECD0A900EFEC99 /* SpriteWalkthrough-Info.plist */,
				D3C06D0218ECD0A900EFEC99 /* InfoPlist.strings */,
				D3C06D0518ECD0A900EFEC99 /* main.m */,
				D3C06D0718ECD0A900EFEC99 /* SpriteWalkthrough-Prefix.pch */,
			);
			name = "Supporting Files";
			sourceTree = "<group>";
		};
		D3C06D1E18ECD0A900EFEC99 /* SpriteWalkthroughTests */ = {
			isa = PBXGroup;
			children = (
				D3C06D2418ECD0A900EFEC99 /* SpriteWalkthroughTests.m */,
				D3C06D1F18ECD0A900EFEC99 /* Supporting Files */,
			);
			path = SpriteWalkthroughTests;
			sourceTree = "<group>";
		};
		D3C06D1F18ECD0A900EFEC99 /* Supporting Files */ = {
			isa = PBXGroup;
			children = (
				D3C06D2018ECD0A900EFEC99 /* SpriteWalkthroughTests-Info.plist */,
				D3C06D2118ECD0A900EFEC99 /* InfoPlist.strings */,
			);
			name = "Supporting Files";
			sourceTree = "<group>";
		};
/* End PBXGroup section */

/* Begin PBXNativeTarget section */
		D3C06CF518ECD0A900EFEC99 /* SpriteWalkthrough */ = {
			isa = PBXNativeTarget;
			buildConfigurationList = D3C06D2818ECD0A900EFEC99 /* Build configuration list for PBXNativeTarget "SpriteWalkthrough" */;
			buildPhases = (
				D3C06CF218ECD0A900EFEC99 /* Sources */,
				D3C06CF318ECD0A900EFEC99 /* Frameworks */,
				D3C06CF418ECD0A900EFEC99 /* Resources */,
			);
			buildRules = (
			);
			dependencies = (
			);
			name = SpriteWalkthrough;
			productName = SpriteWalkthrough;
			productReference = D3C06CF618ECD0A900EFEC99 /* SpriteWalkthrough.app */;
			productType = "com.apple.product-type.application";
		};
		D3C06D1618ECD0A900EFEC99 /* SpriteWalkthroughTests */ = {
			isa = PBXNativeTarget;
			buildConfigurationList = D3C06D2B18ECD0A900EFEC99 /* Build configuration list for PBXNativeTarget "SpriteWalkthroughTests" */;
			buildPhases = (
				D3C06D1318ECD0A900EFEC99 /* Sources */,
				D3C06D1418ECD0A900EFEC99 /* Frameworks */,
				D3C06D1518ECD0A900EFEC99 /* Resources */,
			);
			buildRules = (
			);
			dependencies = (
				D3C06D1D18ECD0A900EFEC99 /* PBXTargetDependency */,
			);
			name = SpriteWalkthroughTests;
			productName = SpriteWalkthroughTests;
			productReference = D3C06D1718ECD0A900EFEC99 /* SpriteWalkthroughTests.xctest */;
			productType = "com.apple.product-type.bundle.unit-test";
		};
/* End PBXNativeTarget section */

/* Begin PBXProject section */
		D3C06CEE18ECD0A900EFEC99 /* Project object */ = {
			isa = PBXProject;
			attributes = {
				CLASSPREFIX = Sprite;
				LastUpgradeCheck = 0510;
				ORGANIZATIONNAME = "Apple Developer Tutorial";
				TargetAttributes = {
					D3C06D1618ECD0A900EFEC99 = {
						TestTargetID = D3C06CF518ECD0A900EFEC99;
					};
				};
			};
			buildConfigurationList = D3C06CF118ECD0A900EFEC99 /* Build configuration list for PBXProject "SpriteWalkthrough" */;
			compatibilityVersion = "Xcode 3.2";
			developmentRegion = English;
			hasScannedForEncodings = 0;
			knownRegions = (
				en,
				Base,
			);
			mainGroup = D3C06CED18ECD0A900EFEC99;
			productRefGroup = D3C06CF718ECD0A900EFEC99 /* Products */;
			projectDirPath = "";
			projectRoot = "";
			targets = (
				D3C06CF518ECD0A900EFEC99 /* SpriteWalkthrough */,
				D3C06D1618ECD0A900EFEC99 /* SpriteWalkthroughTests */,
			);
		};
/* End PBXProject section */

/* Begin PBXResourcesBuildPhase section */
		D3C06CF418ECD0A900EFEC99 /* Resources */ = {
			isa = PBXResourcesBuildPhase;
			buildActionMask = 2147483647;
			files = (
				D3C06D1218ECD0A900EFEC99 /* Images.xcassets in Resources */,
				D3C06D0418ECD0A900EFEC99 /* InfoPlist.strings in Resources */,
				D3C06D0D18ECD0A900EFEC99 /* Main.storyboard in Resources */,
			);
			runOnlyForDeploymentPostprocessing = 0;
		};
		D3C06D1518ECD0A900EFEC99 /* Resources */ = {
			isa = PBXResourcesBuildPhase;
			buildActionMask = 2147483647;
			files = (
				D3C06D2318ECD0A900EFEC99 /* InfoPlist.strings in Resources */,
			);
			runOnlyForDeploymentPostprocessing = 0;
		};
/* End PBXResourcesBuildPhase section */

/* Begin PBXSourcesBuildPhase section */
		D3C06CF218ECD0A900EFEC99 /* Sources */ = {
			isa = PBXSourcesBuildPhase;
			buildActionMask = 2147483647;
			files = (
				D3C06D0618ECD0A900EFEC99 /* main.m in Sources */,
				D3C06D0A18ECD0A900EFEC99 /* SpriteAppDelegate.m in Sources */,
				D3C06D1018ECD0A900EFEC99 /* SpriteViewController.m in Sources */,
			);
			runOnlyForDeploymentPostprocessing = 0;
		};
		D3C06D1318ECD0A900EFEC99 /* Sources */ = {
			isa = PBXSourcesBuildPhase;
			buildActionMask = 2147483647;
			files = (
				D3C06D2518ECD0A900EFEC99 /* SpriteWalkthroughTests.m in Sources */,
			);
			runOnlyForDeploymentPostprocessing = 0;
		};
/* End PBXSourcesBuildPhase section */

/* Begin PBXTargetDependency section */
		D3C06D1D18ECD0A900EFEC99 /* PBXTargetDependency */ = {
			isa = PBXTargetDependency;
			target = D3C06CF518ECD0A900EFEC99 /* SpriteWalkthrough */;
			targetProxy = D3C06D1C18ECD0A900EFEC99 /* PBXContainerItemProxy */;
		};
/* End PBXTargetDependency section */

/* Begin PBXVariantGroup section */
		D3C06D0218ECD0A900EFEC99 /* InfoPlist.strings */ = {
			isa = PBXVariantGroup;
			children = (
				D3C06D0318ECD0A900EFEC99 /* en */,
			);
			name = InfoPlist.strings;
			sourceTree = "<group>";
		};
		D3C06D0B18ECD0A900EFEC99 /* Main.storyboard */ = {
			isa = PBXVariantGroup;
			children = (
				D3C06D0C18ECD0A900EFEC99 /* Base */,
			);
			name = Main.storyboard;
			sourceTree = "<group>";
		};
		D3C06D2118ECD0A900EFEC99 /* InfoPlist.strings */ = {
			isa = PBXVariantGroup;
			children = (
				D3C06D2218ECD0A900EFEC99 /* en */,
			);
			name = InfoPlist.strings;
			sourceTree = "<group>";
		};
/* End PBXVariantGroup section */

/* Begin XCBuildConfiguration section */
		D3C06D2618ECD0A900EFEC99 /* Debug */ = {
			isa = XCBuildConfiguration;
			buildSettings = {
				ALWAYS_SEARCH_USER_PATHS = NO;
				CLANG_CXX_LANGUAGE_STANDARD = "gnu++0x";
				CLANG_CXX_LIBRARY = "libc++";
				CLANG_ENABLE_MODULES = YES;
				CLANG_ENABLE_OBJC_ARC = YES;
				CLANG_WARN_BOOL_CONVERSION = YES;
				CLANG_WARN_CONSTANT_CONVERSION = YES;
				CLANG_WARN_DIRECT_OBJC_ISA_USAGE = YES_ERROR;
				CLANG_WARN_EMPTY_BODY = YES;
				CLANG_WARN_ENUM_CONVERSION = YES;
				CLANG_WARN_INT_CONVERSION = YES;
				CLANG_WARN_OBJC_ROOT_CLASS = YES_ERROR;
				CLANG_WARN__DUPLICATE_METHOD_MATCH = YES;
				"CODE_SIGN_IDENTITY[sdk=iphoneos*]" = "iPhone Developer";
				COPY_PHASE_STRIP = NO;
				GCC_C_LANGUAGE_STANDARD = gnu99;
				GCC_DYNAMIC_NO_PIC = NO;
				GCC_OPTIMIZATION_LEVEL = 0;
				GCC_PREPROCESSOR_DEFINITIONS = (
					"DEBUG=1",
					"$(inherited)",
				);
				GCC_SYMBOLS_PRIVATE_EXTERN = NO;
				GCC_WARN_64_TO_32_BIT_CONVERSION = YES;
				GCC_WARN_ABOUT_RETURN_TYPE = YES_ERROR;
				GCC_WARN_UNDECLARED_SELECTOR = YES;
				GCC_WARN_UNINITIALIZED_AUTOS = YES_AGGRESSIVE;
				GCC_WARN_UNUSED_FUNCTION = YES;
				GCC_WARN_UNUSED_VARIABLE = YES;
				IPHONEOS_DEPLOYMENT_TARGET = 7.1;
				ONLY_ACTIVE_ARCH = YES;
				SDKROOT = iphoneos;
				TARGETED_DEVICE_FAMILY = 2;
			};
			name = Debug;
		};
		D3C06D2718ECD0A900EFEC99 /* Release */ = {
			isa = XCBuildConfiguration;
			buildSettings = {
				ALWAYS_SEARCH_USER_PATHS = NO;
				CLANG_CXX_LANGUAGE_STANDARD = "gnu++0x";
				CLANG_CXX_LIBRARY = "libc++";
				CLANG_ENABLE_MODULES = YES;
				CLANG_ENABLE_OBJC_ARC = YES;
				CLANG_WARN_BOOL_CONVERSION = YES;
				CLANG_WARN_CONSTANT_CONVERSION = YES;
				CLANG_WARN_DIRECT_OBJC_ISA_USAGE = YES_ERROR;
				CLANG_WARN_EMPTY_BODY = YES;
				CLANG_WARN_ENUM_CONVERSION = YES;
				CLANG_WARN_INT_CONVERSION = YES;
				CLANG_WARN_OBJC_ROOT_CLASS = YES_ERROR;
				CLANG_WARN__DUPLICATE_METHOD_MATCH = YES;
				"CODE_SIGN_IDENTITY[sdk=iphoneos*]" = "iPhone Developer";
				COPY_PHASE_STRIP = YES;
				ENABLE_NS_ASSERTIONS = NO;
				GCC_C_LANGUAGE_STANDARD = gnu99;
				GCC_WARN_64_TO_32_BIT_CONVERSION = YES;
				GCC_WARN_ABOUT_RETURN_TYPE = YES_ERROR;
				GCC_WARN_UNDECLARED_SELECTOR = YES;
				GCC_WARN_UNINITIALIZED_AUTOS = YES_AGGRESSIVE;
				GCC_WARN_UNUSED_FUNCTION = YES;
				GCC_WARN_UNUSED_VARIABLE = YES;
				IPHONEOS_DEPLOYMENT_TARGET = 7.1;
				SDKROOT = iphoneos;
				TARGETED_DEVICE_FAMILY = 2;
				VALIDATE_PRODUCT = YES;
			};
			name = Release;
		};
		D3C06D2918ECD0A900EFEC99 /* Debug */ = {
			isa = XCBuildConfiguration;
			buildSettings = {
				ASSETCATALOG_COMPILER_APPICON_NAME = AppIcon;
				ASSETCATALOG_COMPILER_LAUNCHIMAGE_NAME = LaunchImage;
				GCC_PRECOMPILE_PREFIX_HEADER = YES;
				GCC_PREFIX_HEADER = "SpriteWalkthrough/SpriteWalkthrough-Prefix.pch";
				INFOPLIST_FILE = "SpriteWalkthrough/SpriteWalkthrough-Info.plist";
				PRODUCT_NAME = "$(TARGET_NAME)";
				WRAPPER_EXTENSION = app;
			};
			name = Debug;
		};
		D3C06D2A18ECD0A900EFEC99 /* Release */ = {
			isa = XCBuildConfiguration;
			buildSettings = {
				ASSETCATALOG_COMPILER_APPICON_NAME = AppIcon;
				ASSETCATALOG_COMPILER_LAUNCHIMAGE_NAME = LaunchImage;
				GCC_PRECOMPILE_PREFIX_HEADER = YES;
				GCC_PREFIX_HEADER = "SpriteWalkthrough/SpriteWalkthrough-Prefix.pch";
				INFOPLIST_FILE = "SpriteWalkthrough/SpriteWalkthrough-Info.plist";
				PRODUCT_NAME = "$(TARGET_NAME)";
				WRAPPER_EXTENSION = app;
			};
			name = Release;
		};
		D3C06D2C18ECD0A900EFEC99 /* Debug */ = {
			isa = XCBuildConfiguration;
			buildSettings = {
				BUNDLE_LOADER = "$(BUILT_PRODUCTS_DIR)/SpriteWalkthrough.app/SpriteWalkthrough";
				FRAMEWORK_SEARCH_PATHS = (
					"$(SDKROOT)/Developer/Library/Frameworks",
					"$(inherited)",
					"$(DEVELOPER_FRAMEWORKS_DIR)",
				);
				GCC_PRECOMPILE_PREFIX_HEADER = YES;
				GCC_PREFIX_HEADER = "SpriteWalkthrough/SpriteWalkthrough-Prefix.pch";
				GCC_PREPROCESSOR_DEFINITIONS = (
					"DEBUG=1",
					"$(inherited)",
				);
				INFOPLIST_FILE = "SpriteWalkthroughTests/SpriteWalkthroughTests-Info.plist";
				PRODUCT_NAME = "$(TARGET_NAME)";
				TEST_HOST = "$(BUNDLE_LOADER)";
				WRAPPER_EXTENSION = xctest;
			};
			name = Debug;
		};
		D3C06D2D18ECD0A900EFEC99 /* Release */ = {
			isa = XCBuildConfiguration;
			buildSettings = {
				BUNDLE_LOADER = "$(BUILT_PRODUCTS_DIR)/SpriteWalkthrough.app/SpriteWalkthrough";
				FRAMEWORK_SEARCH_PATHS = (
					"$(SDKROOT)/Developer/Library/Frameworks",
					"$(inherited)",
					"$(DEVELOPER_FRAMEWORKS_DIR)",
				);
				GCC_PRECOMPILE_PREFIX_HEADER = YES;
				GCC_PREFIX_HEADER = "SpriteWalkthrough/SpriteWalkthrough-Prefix.pch";
				INFOPLIST_FILE = "SpriteWalkthroughTests/SpriteWalkthroughTests-Info.plist";
				PRODUCT_NAME = "$(TARGET_NAME)";
				TEST_HOST = "$(BUNDLE_LOADER)";
				WRAPPER_EXTENSION = xctest;
			};
			name = Release;
		};
/* End XCBuildConfiguration section */

/* Begin XCConfigurationList section */
		D3C06CF118ECD0A900EFEC99 /* Build configuration list for PBXProject "SpriteWalkthrough" */ = {
			isa = XCConfigurationList;
			buildConfigurations = (
				D3C06D2618ECD0A900EFEC99 /* Debug */,
				D3C06D2718ECD0A900EFEC99 /* Release */,
			);
			defaultConfigurationIsVisible = 0;
			defaultConfigurationName = Release;
		};
		D3C06D2818ECD0A900EFEC99 /* Build configuration list for PBXNativeTarget "SpriteWalkthrough" */ = {
			isa = XCConfigurationList;
			buildConfigurations = (
				D3C06D2918ECD0A900EFEC99 /* Debug */,
				D3C06D2A18ECD0A900EFEC99 /* Release */,
			);
			defaultConfigurationIsVisible = 0;
		};
		D3C06D2B18ECD0A900EFEC99 /* Build configuration list for PBXNativeTarget "SpriteWalkthroughTests" */ = {
			isa = XCConfigurationList;
			buildConfigurations = (
				D3C06D2C18ECD0A900EFEC99 /* Debug */,
				D3C06D2D18ECD0A900EFEC99 /* Release */,
			);
			defaultConfigurationIsVisible = 0;
		};
/* End XCConfigurationList section */
	};
	rootObject = D3C06CEE18ECD0A900EFEC99 /* Project object */;
}
