// !$*UTF8*$!
{
	archiveVersion = 1;
	classes = {
	};
	objectVersion = 46;
	objects = {

/* Begin PBXBuildFile section */
		D3E9CCA418E724D500F8F899 /* Foundation.framework in Frameworks */ = {isa = PBXBuildFile; fileRef = D3E9CCA318E724D500F8F899 /* Foundation.framework */; };
		D3E9CCA618E724D500F8F899 /* CoreGraphics.framework in Frameworks */ = {isa = PBXBuildFile; fileRef = D3E9CCA518E724D500F8F899 /* CoreGraphics.framework */; };
		D3E9CCA818E724D500F8F899 /* UIKit.framework in Frameworks */ = {isa = PBXBuildFile; fileRef = D3E9CCA718E724D500F8F899 /* UIKit.framework */; };
		D3E9CCAE18E724D500F8F899 /* InfoPlist.strings in Resources */ = {isa = PBXBuildFile; fileRef = D3E9CCAC18E724D500F8F899 /* InfoPlist.strings */; };
		D3E9CCB018E724D500F8F899 /* main.m in Sources */ = {isa = PBXBuildFile; fileRef = D3E9CCAF18E724D500F8F899 /* main.m */; };
		D3E9CCB418E724D500F8F899 /* AppDelegate.m in Sources */ = {isa = PBXBuildFile; fileRef = D3E9CCB318E724D500F8F899 /* AppDelegate.m */; };
		D3E9CCB718E724D500F8F899 /* Main.storyboard in Resources */ = {isa = PBXBuildFile; fileRef = D3E9CCB518E724D500F8F899 /* Main.storyboard */; };
		D3E9CCBA18E724D500F8F899 /* ViewController.m in Sources */ = {isa = PBXBuildFile; fileRef = D3E9CCB918E724D500F8F899 /* ViewController.m */; };
		D3E9CCBC18E724D500F8F899 /* Images.xcassets in Resources */ = {isa = PBXBuildFile; fileRef = D3E9CCBB18E724D500F8F899 /* Images.xcassets */; };
		D3E9CCC318E724D500F8F899 /* XCTest.framework in Frameworks */ = {isa = PBXBuildFile; fileRef = D3E9CCC218E724D500F8F899 /* XCTest.framework */; };
		D3E9CCC418E724D500F8F899 /* Foundation.framework in Frameworks */ = {isa = PBXBuildFile; fileRef = D3E9CCA318E724D500F8F899 /* Foundation.framework */; };
		D3E9CCC518E724D500F8F899 /* UIKit.framework in Frameworks */ = {isa = PBXBuildFile; fileRef = D3E9CCA718E724D500F8F899 /* UIKit.framework */; };
		D3E9CCCD18E724D500F8F899 /* InfoPlist.strings in Resources */ = {isa = PBXBuildFile; fileRef = D3E9CCCB18E724D500F8F899 /* InfoPlist.strings */; };
		D3E9CCCF18E724D500F8F899 /* CodeTestsTests.m in Sources */ = {isa = PBXBuildFile; fileRef = D3E9CCCE18E724D500F8F899 /* CodeTestsTests.m */; };
/* End PBXBuildFile section */

/* Begin PBXContainerItemProxy section */
		D3E9CCC618E724D500F8F899 /* PBXContainerItemProxy */ = {
			isa = PBXContainerItemProxy;
			containerPortal = D3E9CC9818E724D500F8F899 /* Project object */;
			proxyType = 1;
			remoteGlobalIDString = D3E9CC9F18E724D500F8F899;
			remoteInfo = CodeTests;
		};
/* End PBXContainerItemProxy section */

/* Begin PBXFileReference section */
		D3E9CCA018E724D500F8F899 /* CodeTests.app */ = {isa = PBXFileReference; explicitFileType = wrapper.application; includeInIndex = 0; path = CodeTests.app; sourceTree = BUILT_PRODUCTS_DIR; };
		D3E9CCA318E724D500F8F899 /* Foundation.framework */ = {isa = PBXFileReference; lastKnownFileType = wrapper.framework; name = Foundation.framework; path = System/Library/Frameworks/Foundation.framework; sourceTree = SDKROOT; };
		D3E9CCA518E724D500F8F899 /* CoreGraphics.framework */ = {isa = PBXFileReference; lastKnownFileType = wrapper.framework; name = CoreGraphics.framework; path = System/Library/Frameworks/CoreGraphics.framework; sourceTree = SDKROOT; };
		D3E9CCA718E724D500F8F899 /* UIKit.framework */ = {isa = PBXFileReference; lastKnownFileType = wrapper.framework; name = UIKit.framework; path = System/Library/Frameworks/UIKit.framework; sourceTree = SDKROOT; };
		D3E9CCAB18E724D500F8F899 /* CodeTests-Info.plist */ = {isa = PBXFileReference; lastKnownFileType = text.plist.xml; path = "CodeTests-Info.plist"; sourceTree = "<group>"; };
		D3E9CCAD18E724D500F8F899 /* en */ = {isa = PBXFileReference; lastKnownFileType = text.plist.strings; name = en; path = en.lproj/InfoPlist.strings; sourceTree = "<group>"; };
		D3E9CCAF18E724D500F8F899 /* main.m */ = {isa = PBXFileReference; lastKnownFileType = sourcecode.c.objc; path = main.m; sourceTree = "<group>"; };
		D3E9CCB118E724D500F8F899 /* CodeTests-Prefix.pch */ = {isa = PBXFileReference; lastKnownFileType = sourcecode.c.h; path = "CodeTests-Prefix.pch"; sourceTree = "<group>"; };
		D3E9CCB218E724D500F8F899 /* AppDelegate.h */ = {isa = PBXFileReference; lastKnownFileType = sourcecode.c.h; path = AppDelegate.h; sourceTree = "<group>"; };
		D3E9CCB318E724D500F8F899 /* AppDelegate.m */ = {isa = PBXFileReference; lastKnownFileType = sourcecode.c.objc; path = AppDelegate.m; sourceTree = "<group>"; };
		D3E9CCB618E724D500F8F899 /* Base */ = {isa = PBXFileReference; lastKnownFileType = file.storyboard; name = Base; path = Base.lproj/Main.storyboard; sourceTree = "<group>"; };
		D3E9CCB818E724D500F8F899 /* ViewController.h */ = {isa = PBXFileReference; lastKnownFileType = sourcecode.c.h; path = ViewController.h; sourceTree = "<group>"; };
		D3E9CCB918E724D500F8F899 /* ViewController.m */ = {isa = PBXFileReference; lastKnownFileType = sourcecode.c.objc; path = ViewController.m; sourceTree = "<group>"; };
		D3E9CCBB18E724D500F8F899 /* Images.xcassets */ = {isa = PBXFileReference; lastKnownFileType = folder.assetcatalog; path = Images.xcassets; sourceTree = "<group>"; };
		D3E9CCC118E724D500F8F899 /* CodeTestsTests.xctest */ = {isa = PBXFileReference; explicitFileType = wrapper.cfbundle; includeInIndex = 0; path = CodeTestsTests.xctest; sourceTree = BUILT_PRODUCTS_DIR; };
		D3E9CCC218E724D500F8F899 /* XCTest.framework */ = {isa = PBXFileReference; lastKnownFileType = wrapper.framework; name = XCTest.framework; path = Library/Frameworks/XCTest.framework; sourceTree = DEVELOPER_DIR; };
		D3E9CCCA18E724D500F8F899 /* CodeTestsTests-Info.plist */ = {isa = PBXFileReference; lastKnownFileType = text.plist.xml; path = "CodeTestsTests-Info.plist"; sourceTree = "<group>"; };
		D3E9CCCC18E724D500F8F899 /* en */ = {isa = PBXFileReference; lastKnownFileType = text.plist.strings; name = en; path = en.lproj/InfoPlist.strings; sourceTree = "<group>"; };
		D3E9CCCE18E724D500F8F899 /* CodeTestsTests.m */ = {isa = PBXFileReference; lastKnownFileType = sourcecode.c.objc; path = CodeTestsTests.m; sourceTree = "<group>"; };
/* End PBXFileReference section */

/* Begin PBXFrameworksBuildPhase section */
		D3E9CC9D18E724D500F8F899 /* Frameworks */ = {
			isa = PBXFrameworksBuildPhase;
			buildActionMask = 2147483647;
			files = (
				D3E9CCA618E724D500F8F899 /* CoreGraphics.framework in Frameworks */,
				D3E9CCA818E724D500F8F899 /* UIKit.framework in Frameworks */,
				D3E9CCA418E724D500F8F899 /* Foundation.framework in Frameworks */,
			);
			runOnlyForDeploymentPostprocessing = 0;
		};
		D3E9CCBE18E724D500F8F899 /* Frameworks */ = {
			isa = PBXFrameworksBuildPhase;
			buildActionMask = 2147483647;
			files = (
				D3E9CCC318E724D500F8F899 /* XCTest.framework in Frameworks */,
				D3E9CCC518E724D500F8F899 /* UIKit.framework in Frameworks */,
				D3E9CCC418E724D500F8F899 /* Foundation.framework in Frameworks */,
			);
			runOnlyForDeploymentPostprocessing = 0;
		};
/* End PBXFrameworksBuildPhase section */

/* Begin PBXGroup section */
		D3E9CC9718E724D500F8F899 = {
			isa = PBXGroup;
			children = (
				D3E9CCA918E724D500F8F899 /* CodeTests */,
				D3E9CCC818E724D500F8F899 /* CodeTestsTests */,
				D3E9CCA218E724D500F8F899 /* Frameworks */,
				D3E9CCA118E724D500F8F899 /* Products */,
			);
			sourceTree = "<group>";
		};
		D3E9CCA118E724D500F8F899 /* Products */ = {
			isa = PBXGroup;
			children = (
				D3E9CCA018E724D500F8F899 /* CodeTests.app */,
				D3E9CCC118E724D500F8F899 /* CodeTestsTests.xctest */,
			);
			name = Products;
			sourceTree = "<group>";
		};
		D3E9CCA218E724D500F8F899 /* Frameworks */ = {
			isa = PBXGroup;
			children = (
				D3E9CCA318E724D500F8F899 /* Foundation.framework */,
				D3E9CCA518E724D500F8F899 /* CoreGraphics.framework */,
				D3E9CCA718E724D500F8F899 /* UIKit.framework */,
				D3E9CCC218E724D500F8F899 /* XCTest.framework */,
			);
			name = Frameworks;
			sourceTree = "<group>";
		};
		D3E9CCA918E724D500F8F899 /* CodeTests */ = {
			isa = PBXGroup;
			children = (
				D3E9CCB218E724D500F8F899 /* AppDelegate.h */,
				D3E9CCB318E724D500F8F899 /* AppDelegate.m */,
				D3E9CCB518E724D500F8F899 /* Main.storyboard */,
				D3E9CCB818E724D500F8F899 /* ViewController.h */,
				D3E9CCB918E724D500F8F899 /* ViewController.m */,
				D3E9CCBB18E724D500F8F899 /* Images.xcassets */,
				D3E9CCAA18E724D500F8F899 /* Supporting Files */,
			);
			path = CodeTests;
			sourceTree = "<group>";
		};
		D3E9CCAA18E724D500F8F899 /* Supporting Files */ = {
			isa = PBXGroup;
			children = (
				D3E9CCAB18E724D500F8F899 /* CodeTests-Info.plist */,
				D3E9CCAC18E724D500F8F899 /* InfoPlist.strings */,
				D3E9CCAF18E724D500F8F899 /* main.m */,
				D3E9CCB118E724D500F8F899 /* CodeTests-Prefix.pch */,
			);
			name = "Supporting Files";
			sourceTree = "<group>";
		};
		D3E9CCC818E724D500F8F899 /* CodeTestsTests */ = {
			isa = PBXGroup;
			children = (
				D3E9CCCE18E724D500F8F899 /* CodeTestsTests.m */,
				D3E9CCC918E724D500F8F899 /* Supporting Files */,
			);
			path = CodeTestsTests;
			sourceTree = "<group>";
		};
		D3E9CCC918E724D500F8F899 /* Supporting Files */ = {
			isa = PBXGroup;
			children = (
				D3E9CCCA18E724D500F8F899 /* CodeTestsTests-Info.plist */,
				D3E9CCCB18E724D500F8F899 /* InfoPlist.strings */,
			);
			name = "Supporting Files";
			sourceTree = "<group>";
		};
/* End PBXGroup section */

/* Begin PBXNativeTarget section */
		D3E9CC9F18E724D500F8F899 /* CodeTests */ = {
			isa = PBXNativeTarget;
			buildConfigurationList = D3E9CCD218E724D500F8F899 /* Build configuration list for PBXNativeTarget "CodeTests" */;
			buildPhases = (
				D3E9CC9C18E724D500F8F899 /* Sources */,
				D3E9CC9D18E724D500F8F899 /* Frameworks */,
				D3E9CC9E18E724D500F8F899 /* Resources */,
			);
			buildRules = (
			);
			dependencies = (
			);
			name = CodeTests;
			productName = CodeTests;
			productReference = D3E9CCA018E724D500F8F899 /* CodeTests.app */;
			productType = "com.apple.product-type.application";
		};
		D3E9CCC018E724D500F8F899 /* CodeTestsTests */ = {
			isa = PBXNativeTarget;
			buildConfigurationList = D3E9CCD518E724D500F8F899 /* Build configuration list for PBXNativeTarget "CodeTestsTests" */;
			buildPhases = (
				D3E9CCBD18E724D500F8F899 /* Sources */,
				D3E9CCBE18E724D500F8F899 /* Frameworks */,
				D3E9CCBF18E724D500F8F899 /* Resources */,
			);
			buildRules = (
			);
			dependencies = (
				D3E9CCC718E724D500F8F899 /* PBXTargetDependency */,
			);
			name = CodeTestsTests;
			productName = CodeTestsTests;
			productReference = D3E9CCC118E724D500F8F899 /* CodeTestsTests.xctest */;
			productType = "com.apple.product-type.bundle.unit-test";
		};
/* End PBXNativeTarget section */

/* Begin PBXProject section */
		D3E9CC9818E724D500F8F899 /* Project object */ = {
			isa = PBXProject;
			attributes = {
				LastUpgradeCheck = 0510;
				ORGANIZATIONNAME = "iOS 7 App Development Essentials";
				TargetAttributes = {
					D3E9CCC018E724D500F8F899 = {
						TestTargetID = D3E9CC9F18E724D500F8F899;
					};
				};
			};
			buildConfigurationList = D3E9CC9B18E724D500F8F899 /* Build configuration list for PBXProject "CodeTests" */;
			compatibilityVersion = "Xcode 3.2";
			developmentRegion = English;
			hasScannedForEncodings = 0;
			knownRegions = (
				en,
				Base,
			);
			mainGroup = D3E9CC9718E724D500F8F899;
			productRefGroup = D3E9CCA118E724D500F8F899 /* Products */;
			projectDirPath = "";
			projectRoot = "";
			targets = (
				D3E9CC9F18E724D500F8F899 /* CodeTests */,
				D3E9CCC018E724D500F8F899 /* CodeTestsTests */,
			);
		};
/* End PBXProject section */

/* Begin PBXResourcesBuildPhase section */
		D3E9CC9E18E724D500F8F899 /* Resources */ = {
			isa = PBXResourcesBuildPhase;
			buildActionMask = 2147483647;
			files = (
				D3E9CCBC18E724D500F8F899 /* Images.xcassets in Resources */,
				D3E9CCAE18E724D500F8F899 /* InfoPlist.strings in Resources */,
				D3E9CCB718E724D500F8F899 /* Main.storyboard in Resources */,
			);
			runOnlyForDeploymentPostprocessing = 0;
		};
		D3E9CCBF18E724D500F8F899 /* Resources */ = {
			isa = PBXResourcesBuildPhase;
			buildActionMask = 2147483647;
			files = (
				D3E9CCCD18E724D500F8F899 /* InfoPlist.strings in Resources */,
			);
			runOnlyForDeploymentPostprocessing = 0;
		};
/* End PBXResourcesBuildPhase section */

/* Begin PBXSourcesBuildPhase section */
		D3E9CC9C18E724D500F8F899 /* Sources */ = {
			isa = PBXSourcesBuildPhase;
			buildActionMask = 2147483647;
			files = (
				D3E9CCBA18E724D500F8F899 /* ViewController.m in Sources */,
				D3E9CCB418E724D500F8F899 /* AppDelegate.m in Sources */,
				D3E9CCB018E724D500F8F899 /* main.m in Sources */,
			);
			runOnlyForDeploymentPostprocessing = 0;
		};
		D3E9CCBD18E724D500F8F899 /* Sources */ = {
			isa = PBXSourcesBuildPhase;
			buildActionMask = 2147483647;
			files = (
				D3E9CCCF18E724D500F8F899 /* CodeTestsTests.m in Sources */,
			);
			runOnlyForDeploymentPostprocessing = 0;
		};
/* End PBXSourcesBuildPhase section */

/* Begin PBXTargetDependency section */
		D3E9CCC718E724D500F8F899 /* PBXTargetDependency */ = {
			isa = PBXTargetDependency;
			target = D3E9CC9F18E724D500F8F899 /* CodeTests */;
			targetProxy = D3E9CCC618E724D500F8F899 /* PBXContainerItemProxy */;
		};
/* End PBXTargetDependency section */

/* Begin PBXVariantGroup section */
		D3E9CCAC18E724D500F8F899 /* InfoPlist.strings */ = {
			isa = PBXVariantGroup;
			children = (
				D3E9CCAD18E724D500F8F899 /* en */,
			);
			name = InfoPlist.strings;
			sourceTree = "<group>";
		};
		D3E9CCB518E724D500F8F899 /* Main.storyboard */ = {
			isa = PBXVariantGroup;
			children = (
				D3E9CCB618E724D500F8F899 /* Base */,
			);
			name = Main.storyboard;
			sourceTree = "<group>";
		};
		D3E9CCCB18E724D500F8F899 /* InfoPlist.strings */ = {
			isa = PBXVariantGroup;
			children = (
				D3E9CCCC18E724D500F8F899 /* en */,
			);
			name = InfoPlist.strings;
			sourceTree = "<group>";
		};
/* End PBXVariantGroup section */

/* Begin XCBuildConfiguration section */
		D3E9CCD018E724D500F8F899 /* Debug */ = {
			isa = XCBuildConfiguration;
			buildSettings = {
				ALWAYS_SEARCH_USER_PATHS = NO;
				CLANG_CXX_LANGUAGE_STANDARD = "gnu++0x";
				CLANG_CXX_LIBRARY = "libc++";
				CLANG_ENABLE_MODULES = YES;
				CLANG_ENABLE_OBJC_ARC = YES;
				CLANG_WARN_BOOL_CONVERSION = YES;
				CLANG_WARN_CONSTANT_CONVERSION = YES;
				CLANG_WARN_DIRECT_OBJC_ISA_USAGE = YES_ERROR;
				CLANG_WARN_EMPTY_BODY = YES;
				CLANG_WARN_ENUM_CONVERSION = YES;
				CLANG_WARN_INT_CONVERSION = YES;
				CLANG_WARN_OBJC_ROOT_CLASS = YES_ERROR;
				CLANG_WARN__DUPLICATE_METHOD_MATCH = YES;
				"CODE_SIGN_IDENTITY[sdk=iphoneos*]" = "iPhone Developer";
				COPY_PHASE_STRIP = NO;
				GCC_C_LANGUAGE_STANDARD = gnu99;
				GCC_DYNAMIC_NO_PIC = NO;
				GCC_OPTIMIZATION_LEVEL = 0;
				GCC_PREPROCESSOR_DEFINITIONS = (
					"DEBUG=1",
					"$(inherited)",
				);
				GCC_SYMBOLS_PRIVATE_EXTERN = NO;
				GCC_WARN_64_TO_32_BIT_CONVERSION = YES;
				GCC_WARN_ABOUT_RETURN_TYPE = YES_ERROR;
				GCC_WARN_UNDECLARED_SELECTOR = YES;
				GCC_WARN_UNINITIALIZED_AUTOS = YES_AGGRESSIVE;
				GCC_WARN_UNUSED_FUNCTION = YES;
				GCC_WARN_UNUSED_VARIABLE = YES;
				IPHONEOS_DEPLOYMENT_TARGET = 7.1;
				ONLY_ACTIVE_ARCH = YES;
				SDKROOT = iphoneos;
			};
			name = Debug;
		};
		D3E9CCD118E724D500F8F899 /* Release */ = {
			isa = XCBuildConfiguration;
			buildSettings = {
				ALWAYS_SEARCH_USER_PATHS = NO;
				CLANG_CXX_LANGUAGE_STANDARD = "gnu++0x";
				CLANG_CXX_LIBRARY = "libc++";
				CLANG_ENABLE_MODULES = YES;
				CLANG_ENABLE_OBJC_ARC = YES;
				CLANG_WARN_BOOL_CONVERSION = YES;
				CLANG_WARN_CONSTANT_CONVERSION = YES;
				CLANG_WARN_DIRECT_OBJC_ISA_USAGE = YES_ERROR;
				CLANG_WARN_EMPTY_BODY = YES;
				CLANG_WARN_ENUM_CONVERSION = YES;
				CLANG_WARN_INT_CONVERSION = YES;
				CLANG_WARN_OBJC_ROOT_CLASS = YES_ERROR;
				CLANG_WARN__DUPLICATE_METHOD_MATCH = YES;
				"CODE_SIGN_IDENTITY[sdk=iphoneos*]" = "iPhone Developer";
				COPY_PHASE_STRIP = YES;
				ENABLE_NS_ASSERTIONS = NO;
				GCC_C_LANGUAGE_STANDARD = gnu99;
				GCC_WARN_64_TO_32_BIT_CONVERSION = YES;
				GCC_WARN_ABOUT_RETURN_TYPE = YES_ERROR;
				GCC_WARN_UNDECLARED_SELECTOR = YES;
				GCC_WARN_UNINITIALIZED_AUTOS = YES_AGGRESSIVE;
				GCC_WARN_UNUSED_FUNCTION = YES;
				GCC_WARN_UNUSED_VARIABLE = YES;
				IPHONEOS_DEPLOYMENT_TARGET = 7.1;
				SDKROOT = iphoneos;
				VALIDATE_PRODUCT = YES;
			};
			name = Release;
		};
		D3E9CCD318E724D500F8F899 /* Debug */ = {
			isa = XCBuildConfiguration;
			buildSettings = {
				ASSETCATALOG_COMPILER_APPICON_NAME = AppIcon;
				ASSETCATALOG_COMPILER_LAUNCHIMAGE_NAME = LaunchImage;
				GCC_PRECOMPILE_PREFIX_HEADER = YES;
				GCC_PREFIX_HEADER = "CodeTests/CodeTests-Prefix.pch";
				INFOPLIST_FILE = "CodeTests/CodeTests-Info.plist";
				PRODUCT_NAME = "$(TARGET_NAME)";
				WRAPPER_EXTENSION = app;
			};
			name = Debug;
		};
		D3E9CCD418E724D500F8F899 /* Release */ = {
			isa = XCBuildConfiguration;
			buildSettings = {
				ASSETCATALOG_COMPILER_APPICON_NAME = AppIcon;
				ASSETCATALOG_COMPILER_LAUNCHIMAGE_NAME = LaunchImage;
				GCC_PRECOMPILE_PREFIX_HEADER = YES;
				GCC_PREFIX_HEADER = "CodeTests/CodeTests-Prefix.pch";
				INFOPLIST_FILE = "CodeTests/CodeTests-Info.plist";
				PRODUCT_NAME = "$(TARGET_NAME)";
				WRAPPER_EXTENSION = app;
			};
			name = Release;
		};
		D3E9CCD618E724D500F8F899 /* Debug */ = {
			isa = XCBuildConfiguration;
			buildSettings = {
				BUNDLE_LOADER = "$(BUILT_PRODUCTS_DIR)/CodeTests.app/CodeTests";
				FRAMEWORK_SEARCH_PATHS = (
					"$(SDKROOT)/Developer/Library/Frameworks",
					"$(inherited)",
					"$(DEVELOPER_FRAMEWORKS_DIR)",
				);
				GCC_PRECOMPILE_PREFIX_HEADER = YES;
				GCC_PREFIX_HEADER = "CodeTests/CodeTests-Prefix.pch";
				GCC_PREPROCESSOR_DEFINITIONS = (
					"DEBUG=1",
					"$(inherited)",
				);
				INFOPLIST_FILE = "CodeTestsTests/CodeTestsTests-Info.plist";
				PRODUCT_NAME = "$(TARGET_NAME)";
				TEST_HOST = "$(BUNDLE_LOADER)";
				WRAPPER_EXTENSION = xctest;
			};
			name = Debug;
		};
		D3E9CCD718E724D500F8F899 /* Release */ = {
			isa = XCBuildConfiguration;
			buildSettings = {
				BUNDLE_LOADER = "$(BUILT_PRODUCTS_DIR)/CodeTests.app/CodeTests";
				FRAMEWORK_SEARCH_PATHS = (
					"$(SDKROOT)/Developer/Library/Frameworks",
					"$(inherited)",
					"$(DEVELOPER_FRAMEWORKS_DIR)",
				);
				GCC_PRECOMPILE_PREFIX_HEADER = YES;
				GCC_PREFIX_HEADER = "CodeTests/CodeTests-Prefix.pch";
				INFOPLIST_FILE = "CodeTestsTests/CodeTestsTests-Info.plist";
				PRODUCT_NAME = "$(TARGET_NAME)";
				TEST_HOST = "$(BUNDLE_LOADER)";
				WRAPPER_EXTENSION = xctest;
			};
			name = Release;
		};
/* End XCBuildConfiguration section */

/* Begin XCConfigurationList section */
		D3E9CC9B18E724D500F8F899 /* Build configuration list for PBXProject "CodeTests" */ = {
			isa = XCConfigurationList;
			buildConfigurations = (
				D3E9CCD018E724D500F8F899 /* Debug */,
				D3E9CCD118E724D500F8F899 /* Release */,
			);
			defaultConfigurationIsVisible = 0;
			defaultConfigurationName = Release;
		};
		D3E9CCD218E724D500F8F899 /* Build configuration list for PBXNativeTarget "CodeTests" */ = {
			isa = XCConfigurationList;
			buildConfigurations = (
				D3E9CCD318E724D500F8F899 /* Debug */,
				D3E9CCD418E724D500F8F899 /* Release */,
			);
			defaultConfigurationIsVisible = 0;
		};
		D3E9CCD518E724D500F8F899 /* Build configuration list for PBXNativeTarget "CodeTestsTests" */ = {
			isa = XCConfigurationList;
			buildConfigurations = (
				D3E9CCD618E724D500F8F899 /* Debug */,
				D3E9CCD718E724D500F8F899 /* Release */,
			);
			defaultConfigurationIsVisible = 0;
		};
/* End XCConfigurationList section */
	};
	rootObject = D3E9CC9818E724D500F8F899 /* Project object */;
}
