// !$*UTF8*$!
{
	archiveVersion = 1;
	classes = {
	};
	objectVersion = 46;
	objects = {

/* Begin PBXBuildFile section */
		D3C06D8718ECDB2400EFEC99 /* Foundation.framework in Frameworks */ = {isa = PBXBuildFile; fileRef = D3C06D8618ECDB2400EFEC99 /* Foundation.framework */; };
		D3C06D8918ECDB2400EFEC99 /* CoreGraphics.framework in Frameworks */ = {isa = PBXBuildFile; fileRef = D3C06D8818ECDB2400EFEC99 /* CoreGraphics.framework */; };
		D3C06D8B18ECDB2500EFEC99 /* UIKit.framework in Frameworks */ = {isa = PBXBuildFile; fileRef = D3C06D8A18ECDB2500EFEC99 /* UIKit.framework */; };
		D3C06D8D18ECDB2500EFEC99 /* SpriteKit.framework in Frameworks */ = {isa = PBXBuildFile; fileRef = D3C06D8C18ECDB2500EFEC99 /* SpriteKit.framework */; };
		D3C06D9318ECDB2500EFEC99 /* InfoPlist.strings in Resources */ = {isa = PBXBuildFile; fileRef = D3C06D9118ECDB2500EFEC99 /* InfoPlist.strings */; };
		D3C06D9518ECDB2500EFEC99 /* main.m in Sources */ = {isa = PBXBuildFile; fileRef = D3C06D9418ECDB2500EFEC99 /* main.m */; };
		D3C06D9918ECDB2500EFEC99 /* SpriteAppDelegate.m in Sources */ = {isa = PBXBuildFile; fileRef = D3C06D9818ECDB2500EFEC99 /* SpriteAppDelegate.m */; };
		D3C06D9C18ECDB2500EFEC99 /* Main.storyboard in Resources */ = {isa = PBXBuildFile; fileRef = D3C06D9A18ECDB2500EFEC99 /* Main.storyboard */; };
		D3C06D9F18ECDB2500EFEC99 /* SpriteViewController.m in Sources */ = {isa = PBXBuildFile; fileRef = D3C06D9E18ECDB2500EFEC99 /* SpriteViewController.m */; };
		D3C06DA218ECDB2500EFEC99 /* SpriteMyScene.m in Sources */ = {isa = PBXBuildFile; fileRef = D3C06DA118ECDB2500EFEC99 /* SpriteMyScene.m */; };
		D3C06DA418ECDB2500EFEC99 /* Spaceship.png in Resources */ = {isa = PBXBuildFile; fileRef = D3C06DA318ECDB2500EFEC99 /* Spaceship.png */; };
		D3C06DA618ECDB2500EFEC99 /* Images.xcassets in Resources */ = {isa = PBXBuildFile; fileRef = D3C06DA518ECDB2500EFEC99 /* Images.xcassets */; };
		D3C06DAD18ECDB2500EFEC99 /* XCTest.framework in Frameworks */ = {isa = PBXBuildFile; fileRef = D3C06DAC18ECDB2500EFEC99 /* XCTest.framework */; };
		D3C06DAE18ECDB2500EFEC99 /* Foundation.framework in Frameworks */ = {isa = PBXBuildFile; fileRef = D3C06D8618ECDB2400EFEC99 /* Foundation.framework */; };
		D3C06DAF18ECDB2500EFEC99 /* UIKit.framework in Frameworks */ = {isa = PBXBuildFile; fileRef = D3C06D8A18ECDB2500EFEC99 /* UIKit.framework */; };
		D3C06DB718ECDB2500EFEC99 /* InfoPlist.strings in Resources */ = {isa = PBXBuildFile; fileRef = D3C06DB518ECDB2500EFEC99 /* InfoPlist.strings */; };
		D3C06DB918ECDB2500EFEC99 /* SpriteKitSimpleGameTests.m in Sources */ = {isa = PBXBuildFile; fileRef = D3C06DB818ECDB2500EFEC99 /* SpriteKitSimpleGameTests.m */; };
		D3C06E0F18ED7C9A00EFEC99 /* background-music-aac.caf in Resources */ = {isa = PBXBuildFile; fileRef = D3C06E0C18ED7C9A00EFEC99 /* background-music-aac.caf */; };
		D3C06E1018ED7C9A00EFEC99 /* pew-pew-lei.caf in Resources */ = {isa = PBXBuildFile; fileRef = D3C06E0D18ED7C9A00EFEC99 /* pew-pew-lei.caf */; };
		D3C06E1118ED7C9A00EFEC99 /* sprites.atlas in Resources */ = {isa = PBXBuildFile; fileRef = D3C06E0E18ED7C9A00EFEC99 /* sprites.atlas */; };
/* End PBXBuildFile section */

/* Begin PBXContainerItemProxy section */
		D3C06DB018ECDB2500EFEC99 /* PBXContainerItemProxy */ = {
			isa = PBXContainerItemProxy;
			containerPortal = D3C06D7B18ECDB2400EFEC99 /* Project object */;
			proxyType = 1;
			remoteGlobalIDString = D3C06D8218ECDB2400EFEC99;
			remoteInfo = SpriteKitSimpleGame;
		};
/* End PBXContainerItemProxy section */

/* Begin PBXFileReference section */
		D3C06D8318ECDB2400EFEC99 /* SpriteKitSimpleGame.app */ = {isa = PBXFileReference; explicitFileType = wrapper.application; includeInIndex = 0; path = SpriteKitSimpleGame.app; sourceTree = BUILT_PRODUCTS_DIR; };
		D3C06D8618ECDB2400EFEC99 /* Foundation.framework */ = {isa = PBXFileReference; lastKnownFileType = wrapper.framework; name = Foundation.framework; path = System/Library/Frameworks/Foundation.framework; sourceTree = SDKROOT; };
		D3C06D8818ECDB2400EFEC99 /* CoreGraphics.framework */ = {isa = PBXFileReference; lastKnownFileType = wrapper.framework; name = CoreGraphics.framework; path = System/Library/Frameworks/CoreGraphics.framework; sourceTree = SDKROOT; };
		D3C06D8A18ECDB2500EFEC99 /* UIKit.framework */ = {isa = PBXFileReference; lastKnownFileType = wrapper.framework; name = UIKit.framework; path = System/Library/Frameworks/UIKit.framework; sourceTree = SDKROOT; };
		D3C06D8C18ECDB2500EFEC99 /* SpriteKit.framework */ = {isa = PBXFileReference; lastKnownFileType = wrapper.framework; name = SpriteKit.framework; path = System/Library/Frameworks/SpriteKit.framework; sourceTree = SDKROOT; };
		D3C06D9018ECDB2500EFEC99 /* SpriteKitSimpleGame-Info.plist */ = {isa = PBXFileReference; lastKnownFileType = text.plist.xml; path = "SpriteKitSimpleGame-Info.plist"; sourceTree = "<group>"; };
		D3C06D9218ECDB2500EFEC99 /* en */ = {isa = PBXFileReference; lastKnownFileType = text.plist.strings; name = en; path = en.lproj/InfoPlist.strings; sourceTree = "<group>"; };
		D3C06D9418ECDB2500EFEC99 /* main.m */ = {isa = PBXFileReference; lastKnownFileType = sourcecode.c.objc; path = main.m; sourceTree = "<group>"; };
		D3C06D9618ECDB2500EFEC99 /* SpriteKitSimpleGame-Prefix.pch */ = {isa = PBXFileReference; lastKnownFileType = sourcecode.c.h; path = "SpriteKitSimpleGame-Prefix.pch"; sourceTree = "<group>"; };
		D3C06D9718ECDB2500EFEC99 /* SpriteAppDelegate.h */ = {isa = PBXFileReference; lastKnownFileType = sourcecode.c.h; path = SpriteAppDelegate.h; sourceTree = "<group>"; };
		D3C06D9818ECDB2500EFEC99 /* SpriteAppDelegate.m */ = {isa = PBXFileReference; lastKnownFileType = sourcecode.c.objc; path = SpriteAppDelegate.m; sourceTree = "<group>"; };
		D3C06D9B18ECDB2500EFEC99 /* Base */ = {isa = PBXFileReference; lastKnownFileType = file.storyboard; name = Base; path = Base.lproj/Main.storyboard; sourceTree = "<group>"; };
		D3C06D9D18ECDB2500EFEC99 /* SpriteViewController.h */ = {isa = PBXFileReference; lastKnownFileType = sourcecode.c.h; path = SpriteViewController.h; sourceTree = "<group>"; };
		D3C06D9E18ECDB2500EFEC99 /* SpriteViewController.m */ = {isa = PBXFileReference; lastKnownFileType = sourcecode.c.objc; path = SpriteViewController.m; sourceTree = "<group>"; };
		D3C06DA018ECDB2500EFEC99 /* SpriteMyScene.h */ = {isa = PBXFileReference; lastKnownFileType = sourcecode.c.h; path = SpriteMyScene.h; sourceTree = "<group>"; };
		D3C06DA118ECDB2500EFEC99 /* SpriteMyScene.m */ = {isa = PBXFileReference; lastKnownFileType = sourcecode.c.objc; path = SpriteMyScene.m; sourceTree = "<group>"; };
		D3C06DA318ECDB2500EFEC99 /* Spaceship.png */ = {isa = PBXFileReference; lastKnownFileType = image.png; path = Spaceship.png; sourceTree = "<group>"; };
		D3C06DA518ECDB2500EFEC99 /* Images.xcassets */ = {isa = PBXFileReference; lastKnownFileType = folder.assetcatalog; path = Images.xcassets; sourceTree = "<group>"; };
		D3C06DAB18ECDB2500EFEC99 /* SpriteKitSimpleGameTests.xctest */ = {isa = PBXFileReference; explicitFileType = wrapper.cfbundle; includeInIndex = 0; path = SpriteKitSimpleGameTests.xctest; sourceTree = BUILT_PRODUCTS_DIR; };
		D3C06DAC18ECDB2500EFEC99 /* XCTest.framework */ = {isa = PBXFileReference; lastKnownFileType = wrapper.framework; name = XCTest.framework; path = Library/Frameworks/XCTest.framework; sourceTree = DEVELOPER_DIR; };
		D3C06DB418ECDB2500EFEC99 /* SpriteKitSimpleGameTests-Info.plist */ = {isa = PBXFileReference; lastKnownFileType = text.plist.xml; path = "SpriteKitSimpleGameTests-Info.plist"; sourceTree = "<group>"; };
		D3C06DB618ECDB2500EFEC99 /* en */ = {isa = PBXFileReference; lastKnownFileType = text.plist.strings; name = en; path = en.lproj/InfoPlist.strings; sourceTree = "<group>"; };
		D3C06DB818ECDB2500EFEC99 /* SpriteKitSimpleGameTests.m */ = {isa = PBXFileReference; lastKnownFileType = sourcecode.c.objc; path = SpriteKitSimpleGameTests.m; sourceTree = "<group>"; };
		D3C06E0C18ED7C9A00EFEC99 /* background-music-aac.caf */ = {isa = PBXFileReference; lastKnownFileType = file; path = "background-music-aac.caf"; sourceTree = "<group>"; };
		D3C06E0D18ED7C9A00EFEC99 /* pew-pew-lei.caf */ = {isa = PBXFileReference; lastKnownFileType = file; path = "pew-pew-lei.caf"; sourceTree = "<group>"; };
		D3C06E0E18ED7C9A00EFEC99 /* sprites.atlas */ = {isa = PBXFileReference; lastKnownFileType = folder.skatlas; path = sprites.atlas; sourceTree = "<group>"; };
/* End PBXFileReference section */

/* Begin PBXFrameworksBuildPhase section */
		D3C06D8018ECDB2400EFEC99 /* Frameworks */ = {
			isa = PBXFrameworksBuildPhase;
			buildActionMask = 2147483647;
			files = (
				D3C06D8918ECDB2400EFEC99 /* CoreGraphics.framework in Frameworks */,
				D3C06D8B18ECDB2500EFEC99 /* UIKit.framework in Frameworks */,
				D3C06D8D18ECDB2500EFEC99 /* SpriteKit.framework in Frameworks */,
				D3C06D8718ECDB2400EFEC99 /* Foundation.framework in Frameworks */,
			);
			runOnlyForDeploymentPostprocessing = 0;
		};
		D3C06DA818ECDB2500EFEC99 /* Frameworks */ = {
			isa = PBXFrameworksBuildPhase;
			buildActionMask = 2147483647;
			files = (
				D3C06DAD18ECDB2500EFEC99 /* XCTest.framework in Frameworks */,
				D3C06DAF18ECDB2500EFEC99 /* UIKit.framework in Frameworks */,
				D3C06DAE18ECDB2500EFEC99 /* Foundation.framework in Frameworks */,
			);
			runOnlyForDeploymentPostprocessing = 0;
		};
/* End PBXFrameworksBuildPhase section */

/* Begin PBXGroup section */
		D3C06D7A18ECDB2400EFEC99 = {
			isa = PBXGroup;
			children = (
				D3C06D8E18ECDB2500EFEC99 /* SpriteKitSimpleGame */,
				D3C06DB218ECDB2500EFEC99 /* SpriteKitSimpleGameTests */,
				D3C06D8518ECDB2400EFEC99 /* Frameworks */,
				D3C06D8418ECDB2400EFEC99 /* Products */,
			);
			sourceTree = "<group>";
		};
		D3C06D8418ECDB2400EFEC99 /* Products */ = {
			isa = PBXGroup;
			children = (
				D3C06D8318ECDB2400EFEC99 /* SpriteKitSimpleGame.app */,
				D3C06DAB18ECDB2500EFEC99 /* SpriteKitSimpleGameTests.xctest */,
			);
			name = Products;
			sourceTree = "<group>";
		};
		D3C06D8518ECDB2400EFEC99 /* Frameworks */ = {
			isa = PBXGroup;
			children = (
				D3C06D8618ECDB2400EFEC99 /* Foundation.framework */,
				D3C06D8818ECDB2400EFEC99 /* CoreGraphics.framework */,
				D3C06D8A18ECDB2500EFEC99 /* UIKit.framework */,
				D3C06D8C18ECDB2500EFEC99 /* SpriteKit.framework */,
				D3C06DAC18ECDB2500EFEC99 /* XCTest.framework */,
			);
			name = Frameworks;
			sourceTree = "<group>";
		};
		D3C06D8E18ECDB2500EFEC99 /* SpriteKitSimpleGame */ = {
			isa = PBXGroup;
			children = (
				D3C06D9718ECDB2500EFEC99 /* SpriteAppDelegate.h */,
				D3C06D9818ECDB2500EFEC99 /* SpriteAppDelegate.m */,
				D3C06D9A18ECDB2500EFEC99 /* Main.storyboard */,
				D3C06D9D18ECDB2500EFEC99 /* SpriteViewController.h */,
				D3C06D9E18ECDB2500EFEC99 /* SpriteViewController.m */,
				D3C06DA018ECDB2500EFEC99 /* SpriteMyScene.h */,
				D3C06DA118ECDB2500EFEC99 /* SpriteMyScene.m */,
				D3C06DA318ECDB2500EFEC99 /* Spaceship.png */,
				D3C06DA518ECDB2500EFEC99 /* Images.xcassets */,
				D3C06D8F18ECDB2500EFEC99 /* Supporting Files */,
				D3C06E0A18ED7C9A00EFEC99 /* SpriteKitSimpleGameResources */,
			);
			path = SpriteKitSimpleGame;
			sourceTree = "<group>";
		};
		D3C06D8F18ECDB2500EFEC99 /* Supporting Files */ = {
			isa = PBXGroup;
			children = (
				D3C06D9018ECDB2500EFEC99 /* SpriteKitSimpleGame-Info.plist */,
				D3C06D9118ECDB2500EFEC99 /* InfoPlist.strings */,
				D3C06D9418ECDB2500EFEC99 /* main.m */,
				D3C06D9618ECDB2500EFEC99 /* SpriteKitSimpleGame-Prefix.pch */,
			);
			name = "Supporting Files";
			sourceTree = "<group>";
		};
		D3C06DB218ECDB2500EFEC99 /* SpriteKitSimpleGameTests */ = {
			isa = PBXGroup;
			children = (
				D3C06DB818ECDB2500EFEC99 /* SpriteKitSimpleGameTests.m */,
				D3C06DB318ECDB2500EFEC99 /* Supporting Files */,
			);
			path = SpriteKitSimpleGameTests;
			sourceTree = "<group>";
		};
		D3C06DB318ECDB2500EFEC99 /* Supporting Files */ = {
			isa = PBXGroup;
			children = (
				D3C06DB418ECDB2500EFEC99 /* SpriteKitSimpleGameTests-Info.plist */,
				D3C06DB518ECDB2500EFEC99 /* InfoPlist.strings */,
			);
			name = "Supporting Files";
			sourceTree = "<group>";
		};
		D3C06E0A18ED7C9A00EFEC99 /* SpriteKitSimpleGameResources */ = {
			isa = PBXGroup;
			children = (
				D3C06E0B18ED7C9A00EFEC99 /* Sounds */,
				D3C06E0E18ED7C9A00EFEC99 /* sprites.atlas */,
			);
			path = SpriteKitSimpleGameResources;
			sourceTree = "<group>";
		};
		D3C06E0B18ED7C9A00EFEC99 /* Sounds */ = {
			isa = PBXGroup;
			children = (
				D3C06E0C18ED7C9A00EFEC99 /* background-music-aac.caf */,
				D3C06E0D18ED7C9A00EFEC99 /* pew-pew-lei.caf */,
			);
			path = Sounds;
			sourceTree = "<group>";
		};
/* End PBXGroup section */

/* Begin PBXNativeTarget section */
		D3C06D8218ECDB2400EFEC99 /* SpriteKitSimpleGame */ = {
			isa = PBXNativeTarget;
			buildConfigurationList = D3C06DBC18ECDB2500EFEC99 /* Build configuration list for PBXNativeTarget "SpriteKitSimpleGame" */;
			buildPhases = (
				D3C06D7F18ECDB2400EFEC99 /* Sources */,
				D3C06D8018ECDB2400EFEC99 /* Frameworks */,
				D3C06D8118ECDB2400EFEC99 /* Resources */,
			);
			buildRules = (
			);
			dependencies = (
			);
			name = SpriteKitSimpleGame;
			productName = SpriteKitSimpleGame;
			productReference = D3C06D8318ECDB2400EFEC99 /* SpriteKitSimpleGame.app */;
			productType = "com.apple.product-type.application";
		};
		D3C06DAA18ECDB2500EFEC99 /* SpriteKitSimpleGameTests */ = {
			isa = PBXNativeTarget;
			buildConfigurationList = D3C06DBF18ECDB2500EFEC99 /* Build configuration list for PBXNativeTarget "SpriteKitSimpleGameTests" */;
			buildPhases = (
				D3C06DA718ECDB2500EFEC99 /* Sources */,
				D3C06DA818ECDB2500EFEC99 /* Frameworks */,
				D3C06DA918ECDB2500EFEC99 /* Resources */,
			);
			buildRules = (
			);
			dependencies = (
				D3C06DB118ECDB2500EFEC99 /* PBXTargetDependency */,
			);
			name = SpriteKitSimpleGameTests;
			productName = SpriteKitSimpleGameTests;
			productReference = D3C06DAB18ECDB2500EFEC99 /* SpriteKitSimpleGameTests.xctest */;
			productType = "com.apple.product-type.bundle.unit-test";
		};
/* End PBXNativeTarget section */

/* Begin PBXProject section */
		D3C06D7B18ECDB2400EFEC99 /* Project object */ = {
			isa = PBXProject;
			attributes = {
				CLASSPREFIX = Sprite;
				LastUpgradeCheck = 0510;
				ORGANIZATIONNAME = "Apple Developer Tutorial";
				TargetAttributes = {
					D3C06DAA18ECDB2500EFEC99 = {
						TestTargetID = D3C06D8218ECDB2400EFEC99;
					};
				};
			};
			buildConfigurationList = D3C06D7E18ECDB2400EFEC99 /* Build configuration list for PBXProject "SpriteKitSimpleGame" */;
			compatibilityVersion = "Xcode 3.2";
			developmentRegion = English;
			hasScannedForEncodings = 0;
			knownRegions = (
				en,
				Base,
			);
			mainGroup = D3C06D7A18ECDB2400EFEC99;
			productRefGroup = D3C06D8418ECDB2400EFEC99 /* Products */;
			projectDirPath = "";
			projectRoot = "";
			targets = (
				D3C06D8218ECDB2400EFEC99 /* SpriteKitSimpleGame */,
				D3C06DAA18ECDB2500EFEC99 /* SpriteKitSimpleGameTests */,
			);
		};
/* End PBXProject section */

/* Begin PBXResourcesBuildPhase section */
		D3C06D8118ECDB2400EFEC99 /* Resources */ = {
			isa = PBXResourcesBuildPhase;
			buildActionMask = 2147483647;
			files = (
				D3C06E1118ED7C9A00EFEC99 /* sprites.atlas in Resources */,
				D3C06E0F18ED7C9A00EFEC99 /* background-music-aac.caf in Resources */,
				D3C06D9318ECDB2500EFEC99 /* InfoPlist.strings in Resources */,
				D3C06DA618ECDB2500EFEC99 /* Images.xcassets in Resources */,
				D3C06DA418ECDB2500EFEC99 /* Spaceship.png in Resources */,
				D3C06D9C18ECDB2500EFEC99 /* Main.storyboard in Resources */,
				D3C06E1018ED7C9A00EFEC99 /* pew-pew-lei.caf in Resources */,
			);
			runOnlyForDeploymentPostprocessing = 0;
		};
		D3C06DA918ECDB2500EFEC99 /* Resources */ = {
			isa = PBXResourcesBuildPhase;
			buildActionMask = 2147483647;
			files = (
				D3C06DB718ECDB2500EFEC99 /* InfoPlist.strings in Resources */,
			);
			runOnlyForDeploymentPostprocessing = 0;
		};
/* End PBXResourcesBuildPhase section */

/* Begin PBXSourcesBuildPhase section */
		D3C06D7F18ECDB2400EFEC99 /* Sources */ = {
			isa = PBXSourcesBuildPhase;
			buildActionMask = 2147483647;
			files = (
				D3C06D9518ECDB2500EFEC99 /* main.m in Sources */,
				D3C06DA218ECDB2500EFEC99 /* SpriteMyScene.m in Sources */,
				D3C06D9918ECDB2500EFEC99 /* SpriteAppDelegate.m in Sources */,
				D3C06D9F18ECDB2500EFEC99 /* SpriteViewController.m in Sources */,
			);
			runOnlyForDeploymentPostprocessing = 0;
		};
		D3C06DA718ECDB2500EFEC99 /* Sources */ = {
			isa = PBXSourcesBuildPhase;
			buildActionMask = 2147483647;
			files = (
				D3C06DB918ECDB2500EFEC99 /* SpriteKitSimpleGameTests.m in Sources */,
			);
			runOnlyForDeploymentPostprocessing = 0;
		};
/* End PBXSourcesBuildPhase section */

/* Begin PBXTargetDependency section */
		D3C06DB118ECDB2500EFEC99 /* PBXTargetDependency */ = {
			isa = PBXTargetDependency;
			target = D3C06D8218ECDB2400EFEC99 /* SpriteKitSimpleGame */;
			targetProxy = D3C06DB018ECDB2500EFEC99 /* PBXContainerItemProxy */;
		};
/* End PBXTargetDependency section */

/* Begin PBXVariantGroup section */
		D3C06D9118ECDB2500EFEC99 /* InfoPlist.strings */ = {
			isa = PBXVariantGroup;
			children = (
				D3C06D9218ECDB2500EFEC99 /* en */,
			);
			name = InfoPlist.strings;
			sourceTree = "<group>";
		};
		D3C06D9A18ECDB2500EFEC99 /* Main.storyboard */ = {
			isa = PBXVariantGroup;
			children = (
				D3C06D9B18ECDB2500EFEC99 /* Base */,
			);
			name = Main.storyboard;
			sourceTree = "<group>";
		};
		D3C06DB518ECDB2500EFEC99 /* InfoPlist.strings */ = {
			isa = PBXVariantGroup;
			children = (
				D3C06DB618ECDB2500EFEC99 /* en */,
			);
			name = InfoPlist.strings;
			sourceTree = "<group>";
		};
/* End PBXVariantGroup section */

/* Begin XCBuildConfiguration section */
		D3C06DBA18ECDB2500EFEC99 /* Debug */ = {
			isa = XCBuildConfiguration;
			buildSettings = {
				ALWAYS_SEARCH_USER_PATHS = NO;
				CLANG_CXX_LANGUAGE_STANDARD = "gnu++0x";
				CLANG_CXX_LIBRARY = "libc++";
				CLANG_ENABLE_MODULES = YES;
				CLANG_ENABLE_OBJC_ARC = YES;
				CLANG_WARN_BOOL_CONVERSION = YES;
				CLANG_WARN_CONSTANT_CONVERSION = YES;
				CLANG_WARN_DIRECT_OBJC_ISA_USAGE = YES_ERROR;
				CLANG_WARN_EMPTY_BODY = YES;
				CLANG_WARN_ENUM_CONVERSION = YES;
				CLANG_WARN_INT_CONVERSION = YES;
				CLANG_WARN_OBJC_ROOT_CLASS = YES_ERROR;
				CLANG_WARN__DUPLICATE_METHOD_MATCH = YES;
				"CODE_SIGN_IDENTITY[sdk=iphoneos*]" = "iPhone Developer";
				COPY_PHASE_STRIP = NO;
				GCC_C_LANGUAGE_STANDARD = gnu99;
				GCC_DYNAMIC_NO_PIC = NO;
				GCC_OPTIMIZATION_LEVEL = 0;
				GCC_PREPROCESSOR_DEFINITIONS = (
					"DEBUG=1",
					"$(inherited)",
				);
				GCC_SYMBOLS_PRIVATE_EXTERN = NO;
				GCC_WARN_64_TO_32_BIT_CONVERSION = YES;
				GCC_WARN_ABOUT_RETURN_TYPE = YES_ERROR;
				GCC_WARN_UNDECLARED_SELECTOR = YES;
				GCC_WARN_UNINITIALIZED_AUTOS = YES_AGGRESSIVE;
				GCC_WARN_UNUSED_FUNCTION = YES;
				GCC_WARN_UNUSED_VARIABLE = YES;
				IPHONEOS_DEPLOYMENT_TARGET = 7.1;
				ONLY_ACTIVE_ARCH = YES;
				SDKROOT = iphoneos;
			};
			name = Debug;
		};
		D3C06DBB18ECDB2500EFEC99 /* Release */ = {
			isa = XCBuildConfiguration;
			buildSettings = {
				ALWAYS_SEARCH_USER_PATHS = NO;
				CLANG_CXX_LANGUAGE_STANDARD = "gnu++0x";
				CLANG_CXX_LIBRARY = "libc++";
				CLANG_ENABLE_MODULES = YES;
				CLANG_ENABLE_OBJC_ARC = YES;
				CLANG_WARN_BOOL_CONVERSION = YES;
				CLANG_WARN_CONSTANT_CONVERSION = YES;
				CLANG_WARN_DIRECT_OBJC_ISA_USAGE = YES_ERROR;
				CLANG_WARN_EMPTY_BODY = YES;
				CLANG_WARN_ENUM_CONVERSION = YES;
				CLANG_WARN_INT_CONVERSION = YES;
				CLANG_WARN_OBJC_ROOT_CLASS = YES_ERROR;
				CLANG_WARN__DUPLICATE_METHOD_MATCH = YES;
				"CODE_SIGN_IDENTITY[sdk=iphoneos*]" = "iPhone Developer";
				COPY_PHASE_STRIP = YES;
				ENABLE_NS_ASSERTIONS = NO;
				GCC_C_LANGUAGE_STANDARD = gnu99;
				GCC_WARN_64_TO_32_BIT_CONVERSION = YES;
				GCC_WARN_ABOUT_RETURN_TYPE = YES_ERROR;
				GCC_WARN_UNDECLARED_SELECTOR = YES;
				GCC_WARN_UNINITIALIZED_AUTOS = YES_AGGRESSIVE;
				GCC_WARN_UNUSED_FUNCTION = YES;
				GCC_WARN_UNUSED_VARIABLE = YES;
				IPHONEOS_DEPLOYMENT_TARGET = 7.1;
				SDKROOT = iphoneos;
				VALIDATE_PRODUCT = YES;
			};
			name = Release;
		};
		D3C06DBD18ECDB2500EFEC99 /* Debug */ = {
			isa = XCBuildConfiguration;
			buildSettings = {
				ASSETCATALOG_COMPILER_APPICON_NAME = AppIcon;
				ASSETCATALOG_COMPILER_LAUNCHIMAGE_NAME = LaunchImage;
				GCC_PRECOMPILE_PREFIX_HEADER = YES;
				GCC_PREFIX_HEADER = "SpriteKitSimpleGame/SpriteKitSimpleGame-Prefix.pch";
				INFOPLIST_FILE = "SpriteKitSimpleGame/SpriteKitSimpleGame-Info.plist";
				PRODUCT_NAME = "$(TARGET_NAME)";
				SPRITEKIT_TEXTURE_ATLAS_OUTPUT = YES;
				WRAPPER_EXTENSION = app;
			};
			name = Debug;
		};
		D3C06DBE18ECDB2500EFEC99 /* Release */ = {
			isa = XCBuildConfiguration;
			buildSettings = {
				ASSETCATALOG_COMPILER_APPICON_NAME = AppIcon;
				ASSETCATALOG_COMPILER_LAUNCHIMAGE_NAME = LaunchImage;
				GCC_PRECOMPILE_PREFIX_HEADER = YES;
				GCC_PREFIX_HEADER = "SpriteKitSimpleGame/SpriteKitSimpleGame-Prefix.pch";
				INFOPLIST_FILE = "SpriteKitSimpleGame/SpriteKitSimpleGame-Info.plist";
				PRODUCT_NAME = "$(TARGET_NAME)";
				SPRITEKIT_TEXTURE_ATLAS_OUTPUT = YES;
				WRAPPER_EXTENSION = app;
			};
			name = Release;
		};
		D3C06DC018ECDB2500EFEC99 /* Debug */ = {
			isa = XCBuildConfiguration;
			buildSettings = {
				BUNDLE_LOADER = "$(BUILT_PRODUCTS_DIR)/SpriteKitSimpleGame.app/SpriteKitSimpleGame";
				FRAMEWORK_SEARCH_PATHS = (
					"$(SDKROOT)/Developer/Library/Frameworks",
					"$(inherited)",
					"$(DEVELOPER_FRAMEWORKS_DIR)",
				);
				GCC_PRECOMPILE_PREFIX_HEADER = YES;
				GCC_PREFIX_HEADER = "SpriteKitSimpleGame/SpriteKitSimpleGame-Prefix.pch";
				GCC_PREPROCESSOR_DEFINITIONS = (
					"DEBUG=1",
					"$(inherited)",
				);
				INFOPLIST_FILE = "SpriteKitSimpleGameTests/SpriteKitSimpleGameTests-Info.plist";
				PRODUCT_NAME = "$(TARGET_NAME)";
				TEST_HOST = "$(BUNDLE_LOADER)";
				WRAPPER_EXTENSION = xctest;
			};
			name = Debug;
		};
		D3C06DC118ECDB2500EFEC99 /* Release */ = {
			isa = XCBuildConfiguration;
			buildSettings = {
				BUNDLE_LOADER = "$(BUILT_PRODUCTS_DIR)/SpriteKitSimpleGame.app/SpriteKitSimpleGame";
				FRAMEWORK_SEARCH_PATHS = (
					"$(SDKROOT)/Developer/Library/Frameworks",
					"$(inherited)",
					"$(DEVELOPER_FRAMEWORKS_DIR)",
				);
				GCC_PRECOMPILE_PREFIX_HEADER = YES;
				GCC_PREFIX_HEADER = "SpriteKitSimpleGame/SpriteKitSimpleGame-Prefix.pch";
				INFOPLIST_FILE = "SpriteKitSimpleGameTests/SpriteKitSimpleGameTests-Info.plist";
				PRODUCT_NAME = "$(TARGET_NAME)";
				TEST_HOST = "$(BUNDLE_LOADER)";
				WRAPPER_EXTENSION = xctest;
			};
			name = Release;
		};
/* End XCBuildConfiguration section */

/* Begin XCConfigurationList section */
		D3C06D7E18ECDB2400EFEC99 /* Build configuration list for PBXProject "SpriteKitSimpleGame" */ = {
			isa = XCConfigurationList;
			buildConfigurations = (
				D3C06DBA18ECDB2500EFEC99 /* Debug */,
				D3C06DBB18ECDB2500EFEC99 /* Release */,
			);
			defaultConfigurationIsVisible = 0;
			defaultConfigurationName = Release;
		};
		D3C06DBC18ECDB2500EFEC99 /* Build configuration list for PBXNativeTarget "SpriteKitSimpleGame" */ = {
			isa = XCConfigurationList;
			buildConfigurations = (
				D3C06DBD18ECDB2500EFEC99 /* Debug */,
				D3C06DBE18ECDB2500EFEC99 /* Release */,
			);
			defaultConfigurationIsVisible = 0;
			defaultConfigurationName = Release;
		};
		D3C06DBF18ECDB2500EFEC99 /* Build configuration list for PBXNativeTarget "SpriteKitSimpleGameTests" */ = {
			isa = XCConfigurationList;
			buildConfigurations = (
				D3C06DC018ECDB2500EFEC99 /* Debug */,
				D3C06DC118ECDB2500EFEC99 /* Release */,
			);
			defaultConfigurationIsVisible = 0;
			defaultConfigurationName = Release;
		};
/* End XCConfigurationList section */
	};
	rootObject = D3C06D7B18ECDB2400EFEC99 /* Project object */;
}
